
Microsoft Visual Studio Solution File, Format Version 12.00
# Visual Studio Version 17
VisualStudioVersion = 17.9.34616.47
MinimumVisualStudioVersion = 10.0.40219.1
Project("{FAE04EC0-301F-11D3-BF4B-00C04F79EFBC}") = "GeradorRelatorioPDF", "GeradorRelatorioPDF.csproj", "{BB4EAF89-AE71-4007-9A77-4D6F46D9AF81}"
EndProject
Global
	GlobalSection(SolutionConfigurationPlatforms) = preSolution
		Debug|Any CPU = Debug|Any CPU
		Release|Any CPU = Release|Any CPU
	EndGlobalSection
	GlobalSection(ProjectConfigurationPlatforms) = postSolution
		{BB4EAF89-AE71-4007-9A77-4D6F46D9AF81}.Debug|Any CPU.ActiveCfg = Debug|Any CPU
		{BB4EAF89-AE71-4007-9A77-4D6F46D9AF81}.Debug|Any CPU.Build.0 = Debug|Any CPU
		{BB4EAF89-AE71-4007-9A77-4D6F46D9AF81}.Release|Any CPU.ActiveCfg = Release|Any CPU
		{BB4EAF89-AE71-4007-9A77-4D6F46D9AF81}.Release|Any CPU.Build.0 = Release|Any CPU
	EndGlobalSection
	GlobalSection(SolutionProperties) = preSolution
		HideSolutionNode = FALSE
	EndGlobalSection
	GlobalSection(ExtensibilityGlobals) = postSolution
		SolutionGuid = {D2001DD0-CDE6-47A7-940B-13112EE6AC2C}
	EndGlobalSection
EndGlobal
